
Microsoft Visual Studio Solution File, Format Version 12.00
# Visual Studio 14
VisualStudioVersion = 14.0.25420.1
MinimumVisualStudioVersion = 10.0.40219.1
Project("{FAE04EC0-301F-11D3-BF4B-00C04F79EFBC}") = "FMSharp", "FMSharp\FMSharp.csproj", "{12445F66-64A2-4373-AF89-3F49A429ED0D}"
EndProject
Project("{FAE04EC0-301F-11D3-BF4B-00C04F79EFBC}") = "FMSharpConsole", "FMSharpConsole\FMSharpConsole.csproj", "{B95F759B-82A9-4EAC-97C4-0E1604BEB800}"
EndProject
Global
	GlobalSection(SolutionConfigurationPlatforms) = preSolution
		Debug|Any CPU = Debug|Any CPU
		Release|Any CPU = Release|Any CPU
	EndGlobalSection
	GlobalSection(ProjectConfigurationPlatforms) = postSolution
		{12445F66-64A2-4373-AF89-3F49A429ED0D}.Debug|Any CPU.ActiveCfg = Debug|Any CPU
		{12445F66-64A2-4373-AF89-3F49A429ED0D}.Debug|Any CPU.Build.0 = Debug|Any CPU
		{12445F66-64A2-4373-AF89-3F49A429ED0D}.Release|Any CPU.ActiveCfg = Release|Any CPU
		{12445F66-64A2-4373-AF89-3F49A429ED0D}.Release|Any CPU.Build.0 = Release|Any CPU
		{B95F759B-82A9-4EAC-97C4-0E1604BEB800}.Debug|Any CPU.ActiveCfg = Debug|Any CPU
		{B95F759B-82A9-4EAC-97C4-0E1604BEB800}.Debug|Any CPU.Build.0 = Debug|Any CPU
		{B95F759B-82A9-4EAC-97C4-0E1604BEB800}.Release|Any CPU.ActiveCfg = Release|Any CPU
		{B95F759B-82A9-4EAC-97C4-0E1604BEB800}.Release|Any CPU.Build.0 = Release|Any CPU
	EndGlobalSection
	GlobalSection(SolutionProperties) = preSolution
		HideSolutionNode = FALSE
	EndGlobalSection
EndGlobal
